// !$*UTF8*$!
{
	archiveVersion = 1;
	classes = {
	};
	objectVersion = 56;
	objects = {

/* Begin PBXBuildFile section */
		27066A8A2C45580D0092B499 /* UserCategory.swift in Sources */ = {isa = PBXBuildFile; fileRef = 27066A892C45580D0092B499 /* UserCategory.swift */; };
		27066A8C2C455FFB0092B499 /* UserGender.swift in Sources */ = {isa = PBXBuildFile; fileRef = 27066A8B2C455FFB0092B499 /* UserGender.swift */; };
		27066A8F2C45623F0092B499 /* PointType.swift in Sources */ = {isa = PBXBuildFile; fileRef = 27066A8E2C45623F0092B499 /* PointType.swift */; };
		27066A912C4567260092B499 /* CodeSource.swift in Sources */ = {isa = PBXBuildFile; fileRef = 27066A902C4567260092B499 /* CodeSource.swift */; };
		27066A952C4570180092B499 /* GenericPoint.swift in Sources */ = {isa = PBXBuildFile; fileRef = 27066A942C4570180092B499 /* GenericPoint.swift */; };
		27066A972C4573110092B499 /* DateTime.swift in Sources */ = {isa = PBXBuildFile; fileRef = 27066A962C4573110092B499 /* DateTime.swift */; };
		27066A992C45755C0092B499 /* CheckSumData.swift in Sources */ = {isa = PBXBuildFile; fileRef = 27066A982C45755C0092B499 /* CheckSumData.swift */; };
		27066A9E2C457F1F0092B499 /* CheckSumAPIService.swift in Sources */ = {isa = PBXBuildFile; fileRef = 27066A9D2C457F1F0092B499 /* CheckSumAPIService.swift */; };
		27066AA02C458E0E0092B499 /* CLLocation.swift in Sources */ = {isa = PBXBuildFile; fileRef = 27066A9F2C458E0E0092B499 /* CLLocation.swift */; };
		2717AEB72C429C2A00A23F06 /* LocationManager.swift in Sources */ = {isa = PBXBuildFile; fileRef = 2717AEB62C429C2A00A23F06 /* LocationManager.swift */; };
		2717AEFE2C42ACCD00A23F06 /* Images.xcassets in Resources */ = {isa = PBXBuildFile; fileRef = 2717AEFD2C42ACCD00A23F06 /* Images.xcassets */; };
		2717AF0F2C42ADB800A23F06 /* Montserrat-Regular.otf in Resources */ = {isa = PBXBuildFile; fileRef = 2717AF062C42ADB700A23F06 /* Montserrat-Regular.otf */; };
		2717AF102C42ADB800A23F06 /* Montserrat-Bold.otf in Resources */ = {isa = PBXBuildFile; fileRef = 2717AF072C42ADB700A23F06 /* Montserrat-Bold.otf */; };
		2717AF112C42ADB800A23F06 /* Montserrat-ExtraBold.otf in Resources */ = {isa = PBXBuildFile; fileRef = 2717AF082C42ADB700A23F06 /* Montserrat-ExtraBold.otf */; };
		2717AF122C42ADB800A23F06 /* Montserrat-Hairline.otf in Resources */ = {isa = PBXBuildFile; fileRef = 2717AF092C42ADB700A23F06 /* Montserrat-Hairline.otf */; };
		2717AF132C42ADB800A23F06 /* Montserrat-SemiBold.otf in Resources */ = {isa = PBXBuildFile; fileRef = 2717AF0A2C42ADB700A23F06 /* Montserrat-SemiBold.otf */; };
		2717AF142C42ADB800A23F06 /* Montserrat-UltraLight.otf in Resources */ = {isa = PBXBuildFile; fileRef = 2717AF0B2C42ADB700A23F06 /* Montserrat-UltraLight.otf */; };
		2717AF152C42ADB800A23F06 /* Montserrat-Light.otf in Resources */ = {isa = PBXBuildFile; fileRef = 2717AF0C2C42ADB700A23F06 /* Montserrat-Light.otf */; };
		2717AF162C42ADB800A23F06 /* Montserrat-Black.otf in Resources */ = {isa = PBXBuildFile; fileRef = 2717AF0D2C42ADB700A23F06 /* Montserrat-Black.otf */; };
		2717AF172C42ADB800A23F06 /* Montserrat-Thin.ttf in Resources */ = {isa = PBXBuildFile; fileRef = 2717AF0E2C42ADB800A23F06 /* Montserrat-Thin.ttf */; };
		27274F7E2C3320F2003453E2 /* AppDelegate.swift in Sources */ = {isa = PBXBuildFile; fileRef = 27274F7D2C3320F2003453E2 /* AppDelegate.swift */; };
		27274F872C3320F3003453E2 /* Assets.xcassets in Resources */ = {isa = PBXBuildFile; fileRef = 27274F862C3320F3003453E2 /* Assets.xcassets */; };
		27274F8A2C3320F3003453E2 /* Base in Resources */ = {isa = PBXBuildFile; fileRef = 27274F892C3320F3003453E2 /* Base */; };
		27274F952C3320F3003453E2 /* lifeisskillappTests.swift in Sources */ = {isa = PBXBuildFile; fileRef = 27274F942C3320F3003453E2 /* lifeisskillappTests.swift */; };
		27274F9F2C3320F3003453E2 /* lifeisskillappUITests.swift in Sources */ = {isa = PBXBuildFile; fileRef = 27274F9E2C3320F3003453E2 /* lifeisskillappUITests.swift */; };
		27274FA12C3320F3003453E2 /* lifeisskillappUITestsLaunchTests.swift in Sources */ = {isa = PBXBuildFile; fileRef = 27274FA02C3320F3003453E2 /* lifeisskillappUITestsLaunchTests.swift */; };
		2734DCA62C469442008030F3 /* UserPoint.swift in Sources */ = {isa = PBXBuildFile; fileRef = 2734DCA52C469442008030F3 /* UserPoint.swift */; };
		2734DCA92C46A3E6008030F3 /* UserCategoryManager.swift in Sources */ = {isa = PBXBuildFile; fileRef = 2734DCA82C46A3E6008030F3 /* UserCategoryManager.swift */; };
		2734DCAB2C46A62F008030F3 /* UserDataAPIService.swift in Sources */ = {isa = PBXBuildFile; fileRef = 2734DCAA2C46A62F008030F3 /* UserDataAPIService.swift */; };
		2734DCAE2C46AA49008030F3 /* UserDataStorage.swift in Sources */ = {isa = PBXBuildFile; fileRef = 2734DCAD2C46AA49008030F3 /* UserDataStorage.swift */; };
		2734DCB02C46C6E4008030F3 /* UserPointManager.swift in Sources */ = {isa = PBXBuildFile; fileRef = 2734DCAF2C46C6E4008030F3 /* UserPointManager.swift */; };
		275457092C33254300F3B55A /* ACKategories in Frameworks */ = {isa = PBXBuildFile; productRef = 275457082C33254300F3B55A /* ACKategories */; };
		2754570B2C33259200F3B55A /* Network.swift in Sources */ = {isa = PBXBuildFile; fileRef = 2754570A2C33259200F3B55A /* Network.swift */; };
		2754570D2C3328B300F3B55A /* AppFlowCoordinator.swift in Sources */ = {isa = PBXBuildFile; fileRef = 2754570C2C3328B300F3B55A /* AppFlowCoordinator.swift */; };
		2754570F2C33299300F3B55A /* UserManager.swift in Sources */ = {isa = PBXBuildFile; fileRef = 2754570E2C33299300F3B55A /* UserManager.swift */; };
		275457112C332CFD00F3B55A /* AppDependencies.swift in Sources */ = {isa = PBXBuildFile; fileRef = 275457102C332CFD00F3B55A /* AppDependencies.swift */; };
		275457142C332DAB00F3B55A /* LoginView.swift in Sources */ = {isa = PBXBuildFile; fileRef = 275457132C332DAB00F3B55A /* LoginView.swift */; };
		275457162C332DB400F3B55A /* LoginViewModel.swift in Sources */ = {isa = PBXBuildFile; fileRef = 275457152C332DB400F3B55A /* LoginViewModel.swift */; };
		275457182C332DBE00F3B55A /* LoginViewController.swift in Sources */ = {isa = PBXBuildFile; fileRef = 275457172C332DBE00F3B55A /* LoginViewController.swift */; };
		2754571F2C33324900F3B55A /* UIViewController.swift in Sources */ = {isa = PBXBuildFile; fileRef = 2754571E2C33324900F3B55A /* UIViewController.swift */; };
		275457212C33325900F3B55A /* String.swift in Sources */ = {isa = PBXBuildFile; fileRef = 275457202C33325900F3B55A /* String.swift */; };
		275457232C3332BF00F3B55A /* HomeView.swift in Sources */ = {isa = PBXBuildFile; fileRef = 275457222C3332BF00F3B55A /* HomeView.swift */; };
		275457262C3332CE00F3B55A /* HomeViewModel.swift in Sources */ = {isa = PBXBuildFile; fileRef = 275457252C3332CE00F3B55A /* HomeViewModel.swift */; };
		275457282C3332E000F3B55A /* HomeViewController.swift in Sources */ = {isa = PBXBuildFile; fileRef = 275457272C3332E000F3B55A /* HomeViewController.swift */; };
		2754AA5E2C41351C0011A618 /* HomeViewFlowCoordinator.swift in Sources */ = {isa = PBXBuildFile; fileRef = 2754AA5D2C41351C0011A618 /* HomeViewFlowCoordinator.swift */; };
		2754AA622C4137E10011A618 /* LoginFlowCoordinator.swift in Sources */ = {isa = PBXBuildFile; fileRef = 2754AA612C4137E10011A618 /* LoginFlowCoordinator.swift */; };
		2755D73F2C483D7300491874 /* Localizable.xcstrings in Resources */ = {isa = PBXBuildFile; fileRef = 2755D73E2C483D7300491874 /* Localizable.xcstrings */; };
		27B25C4D2C3AF50100864028 /* LoginAPIService.swift in Sources */ = {isa = PBXBuildFile; fileRef = 27B25C4C2C3AF50100864028 /* LoginAPIService.swift */; };
		27B25C4F2C3AFE4F00864028 /* APIService.swift in Sources */ = {isa = PBXBuildFile; fileRef = 27B25C4E2C3AFE4F00864028 /* APIService.swift */; };
		27C6194E2C36E6000067498F /* HttpStatusCode.swift in Sources */ = {isa = PBXBuildFile; fileRef = 27C6194D2C36E6000067498F /* HttpStatusCode.swift */; };
		27C619522C36E6AA0067498F /* JsonMapper.swift in Sources */ = {isa = PBXBuildFile; fileRef = 27C619512C36E6AA0067498F /* JsonMapper.swift */; };
		27C619552C36EAEF0067498F /* ModuleError.swift in Sources */ = {isa = PBXBuildFile; fileRef = 27C619542C36EAEF0067498F /* ModuleError.swift */; };
		27C6195C2C36F12E0067498F /* OSLoggerService.swift in Sources */ = {isa = PBXBuildFile; fileRef = 27C6195B2C36F12E0067498F /* OSLoggerService.swift */; };
		27C6195E2C36F2970067498F /* LoggingService.swift in Sources */ = {isa = PBXBuildFile; fileRef = 27C6195D2C36F2970067498F /* LoggingService.swift */; };
		27C619602C3704F60067498F /* BaseError.swift in Sources */ = {isa = PBXBuildFile; fileRef = 27C6195F2C3704F60067498F /* BaseError.swift */; };
		27C619632C3705FA0067498F /* ErrorCodes.swift in Sources */ = {isa = PBXBuildFile; fileRef = 27C619622C3705FA0067498F /* ErrorCodes.swift */; };
		27C619672C37069E0067498F /* APIResponseError.swift in Sources */ = {isa = PBXBuildFile; fileRef = 27C619662C37069E0067498F /* APIResponseError.swift */; };
		27C619692C381F340067498F /* RequestResponse.swift in Sources */ = {isa = PBXBuildFile; fileRef = 27C619682C381F340067498F /* RequestResponse.swift */; };
		27C6196C2C3820090067498F /* URLSessionWrapper.swift in Sources */ = {isa = PBXBuildFile; fileRef = 27C6196B2C3820090067498F /* URLSessionWrapper.swift */; };
		27C619702C3822720067498F /* URLRequest.swift in Sources */ = {isa = PBXBuildFile; fileRef = 27C6196F2C3822720067498F /* URLRequest.swift */; };
		27C619722C3822920067498F /* HTTPURLResponse.swift in Sources */ = {isa = PBXBuildFile; fileRef = 27C619712C3822920067498F /* HTTPURLResponse.swift */; };
		27C619752C3835ED0067498F /* Aliases.swift in Sources */ = {isa = PBXBuildFile; fileRef = 27C619742C3835ED0067498F /* Aliases.swift */; };
		27C619782C3989EF0067498F /* Loggable.swift in Sources */ = {isa = PBXBuildFile; fileRef = 27C619772C3989EF0067498F /* Loggable.swift */; };
		27C6197D2C398BEE0067498F /* LogSource.swift in Sources */ = {isa = PBXBuildFile; fileRef = 27C6197C2C398BEE0067498F /* LogSource.swift */; };
		27C6197F2C398C570067498F /* LogSeverity.swift in Sources */ = {isa = PBXBuildFile; fileRef = 27C6197E2C398C570067498F /* LogSeverity.swift */; };
		27C619812C398C9A0067498F /* LogContext.swift in Sources */ = {isa = PBXBuildFile; fileRef = 27C619802C398C9A0067498F /* LogContext.swift */; };
		27C619892C3AA3A00067498F /* API.swift in Sources */ = {isa = PBXBuildFile; fileRef = 27C619882C3AA3A00067498F /* API.swift */; };
		27C6198B2C3AA6EE0067498F /* RegisterAppService.swift in Sources */ = {isa = PBXBuildFile; fileRef = 27C6198A2C3AA6EE0067498F /* RegisterAppService.swift */; };
		27C6198E2C3AAA7B0067498F /* APIReponse.swift in Sources */ = {isa = PBXBuildFile; fileRef = 27C6198D2C3AAA7B0067498F /* APIReponse.swift */; };
		27C619902C3AAC1F0067498F /* APIResponseStructs.swift in Sources */ = {isa = PBXBuildFile; fileRef = 27C6198F2C3AAC1F0067498F /* APIResponseStructs.swift */; };
		27C619932C3AAD260067498F /* User.swift in Sources */ = {isa = PBXBuildFile; fileRef = 27C619922C3AAD260067498F /* User.swift */; };
		27C619952C3AB0890067498F /* UserDefaults.swift in Sources */ = {isa = PBXBuildFile; fileRef = 27C619942C3AB0890067498F /* UserDefaults.swift */; };
		27C619972C3AB5D50067498F /* Theme.swift in Sources */ = {isa = PBXBuildFile; fileRef = 27C619962C3AB5D50067498F /* Theme.swift */; };
		27E32DE82C493BF900E69C58 /* UserDataManager.swift in Sources */ = {isa = PBXBuildFile; fileRef = 27E32DE72C493BF900E69C58 /* UserDataManager.swift */; };
		27E32DEA2C49504100E69C58 /* GenericPointManager.swift in Sources */ = {isa = PBXBuildFile; fileRef = 27E32DE92C49504100E69C58 /* GenericPointManager.swift */; };
		27E6D6DA2C3EBAE6009FC809 /* UserStorage.swift in Sources */ = {isa = PBXBuildFile; fileRef = 27E6D6D92C3EBAE6009FC809 /* UserStorage.swift */; };
		27E6D6DC2C3EBB2B009FC809 /* UserDefaultsStorage.swift in Sources */ = {isa = PBXBuildFile; fileRef = 27E6D6DB2C3EBB2B009FC809 /* UserDefaultsStorage.swift */; };
		27F27A4B2C4D568200928388 /* View.swift in Sources */ = {isa = PBXBuildFile; fileRef = 27F27A482C4D568200928388 /* View.swift */; };
		27F27A4C2C4D568200928388 /* AssetFontFamily.swift in Sources */ = {isa = PBXBuildFile; fileRef = 27F27A492C4D568200928388 /* AssetFontFamily.swift */; };
		27F27A4D2C4D568200928388 /* ButtonStyleModifier.swift in Sources */ = {isa = PBXBuildFile; fileRef = 27F27A4A2C4D568200928388 /* ButtonStyleModifier.swift */; };
/* End PBXBuildFile section */

/* Begin PBXContainerItemProxy section */
		27274F912C3320F3003453E2 /* PBXContainerItemProxy */ = {
			isa = PBXContainerItemProxy;
			containerPortal = 27274F722C3320F2003453E2 /* Project object */;
			proxyType = 1;
			remoteGlobalIDString = 27274F792C3320F2003453E2;
			remoteInfo = lifeisskillapp;
		};
		27274F9B2C3320F3003453E2 /* PBXContainerItemProxy */ = {
			isa = PBXContainerItemProxy;
			containerPortal = 27274F722C3320F2003453E2 /* Project object */;
			proxyType = 1;
			remoteGlobalIDString = 27274F792C3320F2003453E2;
			remoteInfo = lifeisskillapp;
		};
/* End PBXContainerItemProxy section */

/* Begin PBXFileReference section */
		27066A892C45580D0092B499 /* UserCategory.swift */ = {isa = PBXFileReference; lastKnownFileType = sourcecode.swift; path = UserCategory.swift; sourceTree = "<group>"; };
		27066A8B2C455FFB0092B499 /* UserGender.swift */ = {isa = PBXFileReference; lastKnownFileType = sourcecode.swift; path = UserGender.swift; sourceTree = "<group>"; };
		27066A8E2C45623F0092B499 /* PointType.swift */ = {isa = PBXFileReference; lastKnownFileType = sourcecode.swift; path = PointType.swift; sourceTree = "<group>"; };
		27066A902C4567260092B499 /* CodeSource.swift */ = {isa = PBXFileReference; lastKnownFileType = sourcecode.swift; path = CodeSource.swift; sourceTree = "<group>"; };
		27066A942C4570180092B499 /* GenericPoint.swift */ = {isa = PBXFileReference; lastKnownFileType = sourcecode.swift; path = GenericPoint.swift; sourceTree = "<group>"; };
		27066A962C4573110092B499 /* DateTime.swift */ = {isa = PBXFileReference; lastKnownFileType = sourcecode.swift; path = DateTime.swift; sourceTree = "<group>"; };
		27066A982C45755C0092B499 /* CheckSumData.swift */ = {isa = PBXFileReference; lastKnownFileType = sourcecode.swift; path = CheckSumData.swift; sourceTree = "<group>"; };
		27066A9D2C457F1F0092B499 /* CheckSumAPIService.swift */ = {isa = PBXFileReference; lastKnownFileType = sourcecode.swift; path = CheckSumAPIService.swift; sourceTree = "<group>"; };
		27066A9F2C458E0E0092B499 /* CLLocation.swift */ = {isa = PBXFileReference; lastKnownFileType = sourcecode.swift; path = CLLocation.swift; sourceTree = "<group>"; };
		2717AEB62C429C2A00A23F06 /* LocationManager.swift */ = {isa = PBXFileReference; lastKnownFileType = sourcecode.swift; path = LocationManager.swift; sourceTree = "<group>"; };
		2717AEFD2C42ACCD00A23F06 /* Images.xcassets */ = {isa = PBXFileReference; lastKnownFileType = folder.assetcatalog; path = Images.xcassets; sourceTree = "<group>"; };
		2717AF062C42ADB700A23F06 /* Montserrat-Regular.otf */ = {isa = PBXFileReference; lastKnownFileType = file; path = "Montserrat-Regular.otf"; sourceTree = "<group>"; };
		2717AF072C42ADB700A23F06 /* Montserrat-Bold.otf */ = {isa = PBXFileReference; lastKnownFileType = file; path = "Montserrat-Bold.otf"; sourceTree = "<group>"; };
		2717AF082C42ADB700A23F06 /* Montserrat-ExtraBold.otf */ = {isa = PBXFileReference; lastKnownFileType = file; path = "Montserrat-ExtraBold.otf"; sourceTree = "<group>"; };
		2717AF092C42ADB700A23F06 /* Montserrat-Hairline.otf */ = {isa = PBXFileReference; lastKnownFileType = file; path = "Montserrat-Hairline.otf"; sourceTree = "<group>"; };
		2717AF0A2C42ADB700A23F06 /* Montserrat-SemiBold.otf */ = {isa = PBXFileReference; lastKnownFileType = file; path = "Montserrat-SemiBold.otf"; sourceTree = "<group>"; };
		2717AF0B2C42ADB700A23F06 /* Montserrat-UltraLight.otf */ = {isa = PBXFileReference; lastKnownFileType = file; path = "Montserrat-UltraLight.otf"; sourceTree = "<group>"; };
		2717AF0C2C42ADB700A23F06 /* Montserrat-Light.otf */ = {isa = PBXFileReference; lastKnownFileType = file; path = "Montserrat-Light.otf"; sourceTree = "<group>"; };
		2717AF0D2C42ADB700A23F06 /* Montserrat-Black.otf */ = {isa = PBXFileReference; lastKnownFileType = file; path = "Montserrat-Black.otf"; sourceTree = "<group>"; };
		2717AF0E2C42ADB800A23F06 /* Montserrat-Thin.ttf */ = {isa = PBXFileReference; lastKnownFileType = file; path = "Montserrat-Thin.ttf"; sourceTree = "<group>"; };
		27274F7A2C3320F2003453E2 /* lifeisskillapp.app */ = {isa = PBXFileReference; explicitFileType = wrapper.application; includeInIndex = 0; path = lifeisskillapp.app; sourceTree = BUILT_PRODUCTS_DIR; };
		27274F7D2C3320F2003453E2 /* AppDelegate.swift */ = {isa = PBXFileReference; lastKnownFileType = sourcecode.swift; path = AppDelegate.swift; sourceTree = "<group>"; };
		27274F862C3320F3003453E2 /* Assets.xcassets */ = {isa = PBXFileReference; lastKnownFileType = folder.assetcatalog; path = Assets.xcassets; sourceTree = "<group>"; };
		27274F892C3320F3003453E2 /* Base */ = {isa = PBXFileReference; lastKnownFileType = file.storyboard; name = Base; path = Base.lproj/LaunchScreen.storyboard; sourceTree = "<group>"; };
		27274F902C3320F3003453E2 /* lifeisskillappTests.xctest */ = {isa = PBXFileReference; explicitFileType = wrapper.cfbundle; includeInIndex = 0; path = lifeisskillappTests.xctest; sourceTree = BUILT_PRODUCTS_DIR; };
		27274F942C3320F3003453E2 /* lifeisskillappTests.swift */ = {isa = PBXFileReference; lastKnownFileType = sourcecode.swift; path = lifeisskillappTests.swift; sourceTree = "<group>"; };
		27274F9A2C3320F3003453E2 /* lifeisskillappUITests.xctest */ = {isa = PBXFileReference; explicitFileType = wrapper.cfbundle; includeInIndex = 0; path = lifeisskillappUITests.xctest; sourceTree = BUILT_PRODUCTS_DIR; };
		27274F9E2C3320F3003453E2 /* lifeisskillappUITests.swift */ = {isa = PBXFileReference; lastKnownFileType = sourcecode.swift; path = lifeisskillappUITests.swift; sourceTree = "<group>"; };
		27274FA02C3320F3003453E2 /* lifeisskillappUITestsLaunchTests.swift */ = {isa = PBXFileReference; lastKnownFileType = sourcecode.swift; path = lifeisskillappUITestsLaunchTests.swift; sourceTree = "<group>"; };
		2734DCA52C469442008030F3 /* UserPoint.swift */ = {isa = PBXFileReference; lastKnownFileType = sourcecode.swift; path = UserPoint.swift; sourceTree = "<group>"; };
		2734DCA82C46A3E6008030F3 /* UserCategoryManager.swift */ = {isa = PBXFileReference; lastKnownFileType = sourcecode.swift; path = UserCategoryManager.swift; sourceTree = "<group>"; };
		2734DCAA2C46A62F008030F3 /* UserDataAPIService.swift */ = {isa = PBXFileReference; lastKnownFileType = sourcecode.swift; path = UserDataAPIService.swift; sourceTree = "<group>"; };
		2734DCAD2C46AA49008030F3 /* UserDataStorage.swift */ = {isa = PBXFileReference; lastKnownFileType = sourcecode.swift; path = UserDataStorage.swift; sourceTree = "<group>"; };
		2734DCAF2C46C6E4008030F3 /* UserPointManager.swift */ = {isa = PBXFileReference; lastKnownFileType = sourcecode.swift; path = UserPointManager.swift; sourceTree = "<group>"; };
		2754570A2C33259200F3B55A /* Network.swift */ = {isa = PBXFileReference; lastKnownFileType = sourcecode.swift; path = Network.swift; sourceTree = "<group>"; };
		2754570C2C3328B300F3B55A /* AppFlowCoordinator.swift */ = {isa = PBXFileReference; lastKnownFileType = sourcecode.swift; path = AppFlowCoordinator.swift; sourceTree = "<group>"; };
		2754570E2C33299300F3B55A /* UserManager.swift */ = {isa = PBXFileReference; lastKnownFileType = sourcecode.swift; path = UserManager.swift; sourceTree = "<group>"; };
		275457102C332CFD00F3B55A /* AppDependencies.swift */ = {isa = PBXFileReference; lastKnownFileType = sourcecode.swift; path = AppDependencies.swift; sourceTree = "<group>"; };
		275457132C332DAB00F3B55A /* LoginView.swift */ = {isa = PBXFileReference; lastKnownFileType = sourcecode.swift; path = LoginView.swift; sourceTree = "<group>"; };
		275457152C332DB400F3B55A /* LoginViewModel.swift */ = {isa = PBXFileReference; lastKnownFileType = sourcecode.swift; path = LoginViewModel.swift; sourceTree = "<group>"; };
		275457172C332DBE00F3B55A /* LoginViewController.swift */ = {isa = PBXFileReference; lastKnownFileType = sourcecode.swift; path = LoginViewController.swift; sourceTree = "<group>"; };
		2754571E2C33324900F3B55A /* UIViewController.swift */ = {isa = PBXFileReference; lastKnownFileType = sourcecode.swift; path = UIViewController.swift; sourceTree = "<group>"; };
		275457202C33325900F3B55A /* String.swift */ = {isa = PBXFileReference; lastKnownFileType = sourcecode.swift; path = String.swift; sourceTree = "<group>"; };
		275457222C3332BF00F3B55A /* HomeView.swift */ = {isa = PBXFileReference; lastKnownFileType = sourcecode.swift; path = HomeView.swift; sourceTree = "<group>"; };
		275457252C3332CE00F3B55A /* HomeViewModel.swift */ = {isa = PBXFileReference; lastKnownFileType = sourcecode.swift; path = HomeViewModel.swift; sourceTree = "<group>"; };
		275457272C3332E000F3B55A /* HomeViewController.swift */ = {isa = PBXFileReference; lastKnownFileType = sourcecode.swift; path = HomeViewController.swift; sourceTree = "<group>"; };
		2754AA5D2C41351C0011A618 /* HomeViewFlowCoordinator.swift */ = {isa = PBXFileReference; lastKnownFileType = sourcecode.swift; path = HomeViewFlowCoordinator.swift; sourceTree = "<group>"; };
		2754AA612C4137E10011A618 /* LoginFlowCoordinator.swift */ = {isa = PBXFileReference; lastKnownFileType = sourcecode.swift; path = LoginFlowCoordinator.swift; sourceTree = "<group>"; };
		2755D73E2C483D7300491874 /* Localizable.xcstrings */ = {isa = PBXFileReference; lastKnownFileType = text.json.xcstrings; path = Localizable.xcstrings; sourceTree = "<group>"; };
		27B25C4C2C3AF50100864028 /* LoginAPIService.swift */ = {isa = PBXFileReference; lastKnownFileType = sourcecode.swift; path = LoginAPIService.swift; sourceTree = "<group>"; };
		27B25C4E2C3AFE4F00864028 /* APIService.swift */ = {isa = PBXFileReference; lastKnownFileType = sourcecode.swift; path = APIService.swift; sourceTree = "<group>"; };
		27C6194D2C36E6000067498F /* HttpStatusCode.swift */ = {isa = PBXFileReference; lastKnownFileType = sourcecode.swift; path = HttpStatusCode.swift; sourceTree = "<group>"; };
		27C619512C36E6AA0067498F /* JsonMapper.swift */ = {isa = PBXFileReference; lastKnownFileType = sourcecode.swift; path = JsonMapper.swift; sourceTree = "<group>"; };
		27C619542C36EAEF0067498F /* ModuleError.swift */ = {isa = PBXFileReference; lastKnownFileType = sourcecode.swift; path = ModuleError.swift; sourceTree = "<group>"; };
		27C6195B2C36F12E0067498F /* OSLoggerService.swift */ = {isa = PBXFileReference; lastKnownFileType = sourcecode.swift; path = OSLoggerService.swift; sourceTree = "<group>"; };
		27C6195D2C36F2970067498F /* LoggingService.swift */ = {isa = PBXFileReference; lastKnownFileType = sourcecode.swift; path = LoggingService.swift; sourceTree = "<group>"; };
		27C6195F2C3704F60067498F /* BaseError.swift */ = {isa = PBXFileReference; lastKnownFileType = sourcecode.swift; path = BaseError.swift; sourceTree = "<group>"; };
		27C619622C3705FA0067498F /* ErrorCodes.swift */ = {isa = PBXFileReference; lastKnownFileType = sourcecode.swift; path = ErrorCodes.swift; sourceTree = "<group>"; };
		27C619662C37069E0067498F /* APIResponseError.swift */ = {isa = PBXFileReference; lastKnownFileType = sourcecode.swift; path = APIResponseError.swift; sourceTree = "<group>"; };
		27C619682C381F340067498F /* RequestResponse.swift */ = {isa = PBXFileReference; lastKnownFileType = sourcecode.swift; path = RequestResponse.swift; sourceTree = "<group>"; };
		27C6196B2C3820090067498F /* URLSessionWrapper.swift */ = {isa = PBXFileReference; lastKnownFileType = sourcecode.swift; path = URLSessionWrapper.swift; sourceTree = "<group>"; };
		27C6196F2C3822720067498F /* URLRequest.swift */ = {isa = PBXFileReference; lastKnownFileType = sourcecode.swift; path = URLRequest.swift; sourceTree = "<group>"; };
		27C619712C3822920067498F /* HTTPURLResponse.swift */ = {isa = PBXFileReference; lastKnownFileType = sourcecode.swift; path = HTTPURLResponse.swift; sourceTree = "<group>"; };
		27C619742C3835ED0067498F /* Aliases.swift */ = {isa = PBXFileReference; lastKnownFileType = sourcecode.swift; path = Aliases.swift; sourceTree = "<group>"; };
		27C619772C3989EF0067498F /* Loggable.swift */ = {isa = PBXFileReference; lastKnownFileType = sourcecode.swift; path = Loggable.swift; sourceTree = "<group>"; };
		27C6197C2C398BEE0067498F /* LogSource.swift */ = {isa = PBXFileReference; lastKnownFileType = sourcecode.swift; path = LogSource.swift; sourceTree = "<group>"; };
		27C6197E2C398C570067498F /* LogSeverity.swift */ = {isa = PBXFileReference; lastKnownFileType = sourcecode.swift; path = LogSeverity.swift; sourceTree = "<group>"; };
		27C619802C398C9A0067498F /* LogContext.swift */ = {isa = PBXFileReference; lastKnownFileType = sourcecode.swift; path = LogContext.swift; sourceTree = "<group>"; };
		27C619882C3AA3A00067498F /* API.swift */ = {isa = PBXFileReference; lastKnownFileType = sourcecode.swift; path = API.swift; sourceTree = "<group>"; };
		27C6198A2C3AA6EE0067498F /* RegisterAppService.swift */ = {isa = PBXFileReference; lastKnownFileType = sourcecode.swift; path = RegisterAppService.swift; sourceTree = "<group>"; };
		27C6198D2C3AAA7B0067498F /* APIReponse.swift */ = {isa = PBXFileReference; lastKnownFileType = sourcecode.swift; path = APIReponse.swift; sourceTree = "<group>"; };
		27C6198F2C3AAC1F0067498F /* APIResponseStructs.swift */ = {isa = PBXFileReference; lastKnownFileType = sourcecode.swift; path = APIResponseStructs.swift; sourceTree = "<group>"; };
		27C619922C3AAD260067498F /* User.swift */ = {isa = PBXFileReference; lastKnownFileType = sourcecode.swift; path = User.swift; sourceTree = "<group>"; };
		27C619942C3AB0890067498F /* UserDefaults.swift */ = {isa = PBXFileReference; lastKnownFileType = sourcecode.swift; path = UserDefaults.swift; sourceTree = "<group>"; };
		27C619962C3AB5D50067498F /* Theme.swift */ = {isa = PBXFileReference; lastKnownFileType = sourcecode.swift; path = Theme.swift; sourceTree = "<group>"; };
		27E32DE72C493BF900E69C58 /* UserDataManager.swift */ = {isa = PBXFileReference; lastKnownFileType = sourcecode.swift; path = UserDataManager.swift; sourceTree = "<group>"; };
		27E32DE92C49504100E69C58 /* GenericPointManager.swift */ = {isa = PBXFileReference; lastKnownFileType = sourcecode.swift; path = GenericPointManager.swift; sourceTree = "<group>"; };
		27E32DF02C4955F200E69C58 /* Info.plist */ = {isa = PBXFileReference; lastKnownFileType = text.plist.xml; path = Info.plist; sourceTree = "<group>"; };
		27E6D6D92C3EBAE6009FC809 /* UserStorage.swift */ = {isa = PBXFileReference; lastKnownFileType = sourcecode.swift; path = UserStorage.swift; sourceTree = "<group>"; };
		27E6D6DB2C3EBB2B009FC809 /* UserDefaultsStorage.swift */ = {isa = PBXFileReference; lastKnownFileType = sourcecode.swift; path = UserDefaultsStorage.swift; sourceTree = "<group>"; };
		27F27A482C4D568200928388 /* View.swift */ = {isa = PBXFileReference; fileEncoding = 4; lastKnownFileType = sourcecode.swift; path = View.swift; sourceTree = "<group>"; };
		27F27A492C4D568200928388 /* AssetFontFamily.swift */ = {isa = PBXFileReference; fileEncoding = 4; lastKnownFileType = sourcecode.swift; path = AssetFontFamily.swift; sourceTree = "<group>"; };
		27F27A4A2C4D568200928388 /* ButtonStyleModifier.swift */ = {isa = PBXFileReference; fileEncoding = 4; lastKnownFileType = sourcecode.swift; path = ButtonStyleModifier.swift; sourceTree = "<group>"; };
/* End PBXFileReference section */

/* Begin PBXFrameworksBuildPhase section */
		27274F772C3320F2003453E2 /* Frameworks */ = {
			isa = PBXFrameworksBuildPhase;
			buildActionMask = 2147483647;
			files = (
				275457092C33254300F3B55A /* ACKategories in Frameworks */,
			);
			runOnlyForDeploymentPostprocessing = 0;
		};
		27274F8D2C3320F3003453E2 /* Frameworks */ = {
			isa = PBXFrameworksBuildPhase;
			buildActionMask = 2147483647;
			files = (
			);
			runOnlyForDeploymentPostprocessing = 0;
		};
		27274F972C3320F3003453E2 /* Frameworks */ = {
			isa = PBXFrameworksBuildPhase;
			buildActionMask = 2147483647;
			files = (
			);
			runOnlyForDeploymentPostprocessing = 0;
		};
/* End PBXFrameworksBuildPhase section */

/* Begin PBXGroup section */
		27066A8D2C4562320092B499 /* Points */ = {
			isa = PBXGroup;
			children = (
				27066A8E2C45623F0092B499 /* PointType.swift */,
				27066A902C4567260092B499 /* CodeSource.swift */,
				27066A942C4570180092B499 /* GenericPoint.swift */,
			);
			path = Points;
			sourceTree = "<group>";
		};
		2717AED12C42A72600A23F06 /* Fonts */ = {
			isa = PBXGroup;
			children = (
				2717AF0D2C42ADB700A23F06 /* Montserrat-Black.otf */,
				2717AF072C42ADB700A23F06 /* Montserrat-Bold.otf */,
				2717AF082C42ADB700A23F06 /* Montserrat-ExtraBold.otf */,
				2717AF092C42ADB700A23F06 /* Montserrat-Hairline.otf */,
				2717AF0C2C42ADB700A23F06 /* Montserrat-Light.otf */,
				2717AF062C42ADB700A23F06 /* Montserrat-Regular.otf */,
				2717AF0A2C42ADB700A23F06 /* Montserrat-SemiBold.otf */,
				2717AF0E2C42ADB800A23F06 /* Montserrat-Thin.ttf */,
				2717AF0B2C42ADB700A23F06 /* Montserrat-UltraLight.otf */,
			);
			path = Fonts;
			sourceTree = "<group>";
		};
		2717AEE42C42A95C00A23F06 /* Images */ = {
			isa = PBXGroup;
			children = (
				2717AEFD2C42ACCD00A23F06 /* Images.xcassets */,
			);
			path = Images;
			sourceTree = "<group>";
		};
		2717AF312C42C23300A23F06 /* StringResources */ = {
			isa = PBXGroup;
			children = (
				2755D73E2C483D7300491874 /* Localizable.xcstrings */,
			);
			path = StringResources;
			sourceTree = "<group>";
		};
		2717AF362C42C2B700A23F06 /* Resources */ = {
			isa = PBXGroup;
			children = (
				2717AF312C42C23300A23F06 /* StringResources */,
				2717AED12C42A72600A23F06 /* Fonts */,
				2717AEE42C42A95C00A23F06 /* Images */,
			);
			path = Resources;
			sourceTree = "<group>";
		};
		27274F712C3320F2003453E2 = {
			isa = PBXGroup;
			children = (
				27274F7C2C3320F2003453E2 /* lifeisskillapp */,
				27274F932C3320F3003453E2 /* lifeisskillappTests */,
				27274F9D2C3320F3003453E2 /* lifeisskillappUITests */,
				27274F7B2C3320F2003453E2 /* Products */,
			);
			sourceTree = "<group>";
		};
		27274F7B2C3320F2003453E2 /* Products */ = {
			isa = PBXGroup;
			children = (
				27274F7A2C3320F2003453E2 /* lifeisskillapp.app */,
				27274F902C3320F3003453E2 /* lifeisskillappTests.xctest */,
				27274F9A2C3320F3003453E2 /* lifeisskillappUITests.xctest */,
			);
			name = Products;
			sourceTree = "<group>";
		};
		27274F7C2C3320F2003453E2 /* lifeisskillapp */ = {
			isa = PBXGroup;
			children = (
				27C619872C3AA3950067498F /* Environment */,
				27274FB12C3321D6003453E2 /* AppUI */,
				27274FB02C3321D1003453E2 /* Core */,
				27274FAF2C3321CA003453E2 /* Services */,
				27274FAE2C3321BC003453E2 /* Features */,
				27274FAD2C3321B5003453E2 /* LiS */,
				27274F7D2C3320F2003453E2 /* AppDelegate.swift */,
				2754570C2C3328B300F3B55A /* AppFlowCoordinator.swift */,
				27274F862C3320F3003453E2 /* Assets.xcassets */,
				27274F882C3320F3003453E2 /* LaunchScreen.storyboard */,
				27E32DF02C4955F200E69C58 /* Info.plist */,
			);
			path = lifeisskillapp;
			sourceTree = "<group>";
		};
		27274F932C3320F3003453E2 /* lifeisskillappTests */ = {
			isa = PBXGroup;
			children = (
				27274F942C3320F3003453E2 /* lifeisskillappTests.swift */,
			);
			path = lifeisskillappTests;
			sourceTree = "<group>";
		};
		27274F9D2C3320F3003453E2 /* lifeisskillappUITests */ = {
			isa = PBXGroup;
			children = (
				27274F9E2C3320F3003453E2 /* lifeisskillappUITests.swift */,
				27274FA02C3320F3003453E2 /* lifeisskillappUITestsLaunchTests.swift */,
			);
			path = lifeisskillappUITests;
			sourceTree = "<group>";
		};
		27274FAD2C3321B5003453E2 /* LiS */ = {
			isa = PBXGroup;
			children = (
				27274FB32C33223D003453E2 /* Source */,
				27274FB22C3321F0003453E2 /* Resources */,
			);
			path = LiS;
			sourceTree = "<group>";
		};
		27274FAE2C3321BC003453E2 /* Features */ = {
			isa = PBXGroup;
			children = (
				275457122C332D5500F3B55A /* Home */,
				27274FBE2C332300003453E2 /* Map */,
				27274FBD2C3322FA003453E2 /* Profile */,
				27274FBC2C3322F1003453E2 /* Registration */,
				27274FB62C3322A1003453E2 /* Login */,
			);
			path = Features;
			sourceTree = "<group>";
		};
		27274FAF2C3321CA003453E2 /* Services */ = {
			isa = PBXGroup;
			children = (
				27C619582C36EB670067498F /* LoggingService */,
				27274FB92C3322BD003453E2 /* Managers */,
				27274FB82C3322B7003453E2 /* Network */,
			);
			path = Services;
			sourceTree = "<group>";
		};
		27274FB02C3321D1003453E2 /* Core */ = {
			isa = PBXGroup;
			children = (
				27E6D6D82C3EBAB3009FC809 /* Storage */,
				27C619762C3989D70067498F /* Logging */,
				27C6196A2C381FFC0067498F /* Wrappers */,
				27C619572C36EB4B0067498F /* Errors */,
				27C619502C36E69C0067498F /* Mappers */,
				27274FBB2C3322D4003453E2 /* Extensions */,
				27274FBA2C3322CA003453E2 /* Models */,
			);
			path = Core;
			sourceTree = "<group>";
		};
		27274FB12C3321D6003453E2 /* AppUI */ = {
			isa = PBXGroup;
			children = (
				27F27A492C4D568200928388 /* AssetFontFamily.swift */,
				27F27A4A2C4D568200928388 /* ButtonStyleModifier.swift */,
				27F27A482C4D568200928388 /* View.swift */,
				27C619962C3AB5D50067498F /* Theme.swift */,
			);
			path = AppUI;
			sourceTree = "<group>";
		};
		27274FB22C3321F0003453E2 /* Resources */ = {
			isa = PBXGroup;
			children = (
				2717AF362C42C2B700A23F06 /* Resources */,
			);
			path = Resources;
			sourceTree = "<group>";
		};
		27274FB32C33223D003453E2 /* Source */ = {
			isa = PBXGroup;
			children = (
				27C619732C3835CB0067498F /* Aliases */,
				27274FB52C332255003453E2 /* FlowCoordinators */,
				27274FB42C332246003453E2 /* DI */,
			);
			path = Source;
			sourceTree = "<group>";
		};
		27274FB42C332246003453E2 /* DI */ = {
			isa = PBXGroup;
			children = (
				275457102C332CFD00F3B55A /* AppDependencies.swift */,
			);
			path = DI;
			sourceTree = "<group>";
		};
		27274FB52C332255003453E2 /* FlowCoordinators */ = {
			isa = PBXGroup;
			children = (
				2754AA5D2C41351C0011A618 /* HomeViewFlowCoordinator.swift */,
				2754AA612C4137E10011A618 /* LoginFlowCoordinator.swift */,
			);
			path = FlowCoordinators;
			sourceTree = "<group>";
		};
		27274FB62C3322A1003453E2 /* Login */ = {
			isa = PBXGroup;
			children = (
				275457132C332DAB00F3B55A /* LoginView.swift */,
				275457152C332DB400F3B55A /* LoginViewModel.swift */,
				275457172C332DBE00F3B55A /* LoginViewController.swift */,
			);
			path = Login;
			sourceTree = "<group>";
		};
		27274FB82C3322B7003453E2 /* Network */ = {
			isa = PBXGroup;
			children = (
				27C619842C3A9D760067498F /* APIServices */,
				2754571B2C33303B00F3B55A /* NetworkStructs */,
				2754570A2C33259200F3B55A /* Network.swift */,
				27C6194D2C36E6000067498F /* HttpStatusCode.swift */,
			);
			path = Network;
			sourceTree = "<group>";
		};
		27274FB92C3322BD003453E2 /* Managers */ = {
			isa = PBXGroup;
			children = (
				2734DCA72C46A3C5008030F3 /* UserDataManagers */,
				2754570E2C33299300F3B55A /* UserManager.swift */,
				2717AEB62C429C2A00A23F06 /* LocationManager.swift */,
			);
			path = Managers;
			sourceTree = "<group>";
		};
		27274FBA2C3322CA003453E2 /* Models */ = {
			isa = PBXGroup;
			children = (
				2734DCA42C4693C4008030F3 /* UserData */,
				27066A8D2C4562320092B499 /* Points */,
				27C6198C2C3AAA540067498F /* API */,
				27C619922C3AAD260067498F /* User.swift */,
			);
			path = Models;
			sourceTree = "<group>";
		};
		27274FBB2C3322D4003453E2 /* Extensions */ = {
			isa = PBXGroup;
			children = (
				2754571E2C33324900F3B55A /* UIViewController.swift */,
				275457202C33325900F3B55A /* String.swift */,
				27C6196F2C3822720067498F /* URLRequest.swift */,
				27C619712C3822920067498F /* HTTPURLResponse.swift */,
				27C619942C3AB0890067498F /* UserDefaults.swift */,
				27066A962C4573110092B499 /* DateTime.swift */,
				27066A9F2C458E0E0092B499 /* CLLocation.swift */,
			);
			path = Extensions;
			sourceTree = "<group>";
		};
		27274FBC2C3322F1003453E2 /* Registration */ = {
			isa = PBXGroup;
			children = (
				2754571A2C33301A00F3B55A /* User */,
				275457192C33301500F3B55A /* App */,
			);
			path = Registration;
			sourceTree = "<group>";
		};
		27274FBD2C3322FA003453E2 /* Profile */ = {
			isa = PBXGroup;
			children = (
			);
			path = Profile;
			sourceTree = "<group>";
		};
		27274FBE2C332300003453E2 /* Map */ = {
			isa = PBXGroup;
			children = (
			);
			path = Map;
			sourceTree = "<group>";
		};
		2734DCA42C4693C4008030F3 /* UserData */ = {
			isa = PBXGroup;
			children = (
				2734DCA52C469442008030F3 /* UserPoint.swift */,
				27066A982C45755C0092B499 /* CheckSumData.swift */,
				27066A892C45580D0092B499 /* UserCategory.swift */,
				27066A8B2C455FFB0092B499 /* UserGender.swift */,
			);
			path = UserData;
			sourceTree = "<group>";
		};
		2734DCA72C46A3C5008030F3 /* UserDataManagers */ = {
			isa = PBXGroup;
			children = (
				2734DCA82C46A3E6008030F3 /* UserCategoryManager.swift */,
				2734DCAF2C46C6E4008030F3 /* UserPointManager.swift */,
				27E32DE72C493BF900E69C58 /* UserDataManager.swift */,
				27E32DE92C49504100E69C58 /* GenericPointManager.swift */,
			);
			path = UserDataManagers;
			sourceTree = "<group>";
		};
		275457122C332D5500F3B55A /* Home */ = {
			isa = PBXGroup;
			children = (
				275457222C3332BF00F3B55A /* HomeView.swift */,
				275457252C3332CE00F3B55A /* HomeViewModel.swift */,
				275457272C3332E000F3B55A /* HomeViewController.swift */,
			);
			path = Home;
			sourceTree = "<group>";
		};
		275457192C33301500F3B55A /* App */ = {
			isa = PBXGroup;
			children = (
			);
			path = App;
			sourceTree = "<group>";
		};
		2754571A2C33301A00F3B55A /* User */ = {
			isa = PBXGroup;
			children = (
			);
			path = User;
			sourceTree = "<group>";
		};
		2754571B2C33303B00F3B55A /* NetworkStructs */ = {
			isa = PBXGroup;
			children = (
				27C619682C381F340067498F /* RequestResponse.swift */,
			);
			path = NetworkStructs;
			sourceTree = "<group>";
		};
		27C619502C36E69C0067498F /* Mappers */ = {
			isa = PBXGroup;
			children = (
				27C619512C36E6AA0067498F /* JsonMapper.swift */,
			);
			path = Mappers;
			sourceTree = "<group>";
		};
		27C619572C36EB4B0067498F /* Errors */ = {
			isa = PBXGroup;
			children = (
				27C619862C3A9E040067498F /* GeneralErrors */,
				27C619852C3A9DB60067498F /* APIErrors */,
				27C619622C3705FA0067498F /* ErrorCodes.swift */,
			);
			path = Errors;
			sourceTree = "<group>";
		};
		27C619582C36EB670067498F /* LoggingService */ = {
			isa = PBXGroup;
			children = (
				27C6195B2C36F12E0067498F /* OSLoggerService.swift */,
				27C6195D2C36F2970067498F /* LoggingService.swift */,
			);
			path = LoggingService;
			sourceTree = "<group>";
		};
		27C6196A2C381FFC0067498F /* Wrappers */ = {
			isa = PBXGroup;
			children = (
				27C6196B2C3820090067498F /* URLSessionWrapper.swift */,
			);
			path = Wrappers;
			sourceTree = "<group>";
		};
		27C619732C3835CB0067498F /* Aliases */ = {
			isa = PBXGroup;
			children = (
				27C619742C3835ED0067498F /* Aliases.swift */,
			);
			path = Aliases;
			sourceTree = "<group>";
		};
		27C619762C3989D70067498F /* Logging */ = {
			isa = PBXGroup;
			children = (
				27C6197A2C398BA10067498F /* LoggingStructs */,
				27C619772C3989EF0067498F /* Loggable.swift */,
			);
			path = Logging;
			sourceTree = "<group>";
		};
		27C6197A2C398BA10067498F /* LoggingStructs */ = {
			isa = PBXGroup;
			children = (
				27C6197C2C398BEE0067498F /* LogSource.swift */,
				27C6197E2C398C570067498F /* LogSeverity.swift */,
				27C619802C398C9A0067498F /* LogContext.swift */,
			);
			path = LoggingStructs;
			sourceTree = "<group>";
		};
		27C619842C3A9D760067498F /* APIServices */ = {
			isa = PBXGroup;
			children = (
				27C6198A2C3AA6EE0067498F /* RegisterAppService.swift */,
				27B25C4C2C3AF50100864028 /* LoginAPIService.swift */,
				27B25C4E2C3AFE4F00864028 /* APIService.swift */,
				27066A9D2C457F1F0092B499 /* CheckSumAPIService.swift */,
				2734DCAA2C46A62F008030F3 /* UserDataAPIService.swift */,
			);
			path = APIServices;
			sourceTree = "<group>";
		};
		27C619852C3A9DB60067498F /* APIErrors */ = {
			isa = PBXGroup;
			children = (
				27C619662C37069E0067498F /* APIResponseError.swift */,
			);
			path = APIErrors;
			sourceTree = "<group>";
		};
		27C619862C3A9E040067498F /* GeneralErrors */ = {
			isa = PBXGroup;
			children = (
				27C619542C36EAEF0067498F /* ModuleError.swift */,
				27C6195F2C3704F60067498F /* BaseError.swift */,
			);
			path = GeneralErrors;
			sourceTree = "<group>";
		};
		27C619872C3AA3950067498F /* Environment */ = {
			isa = PBXGroup;
			children = (
				27C619882C3AA3A00067498F /* API.swift */,
			);
			path = Environment;
			sourceTree = "<group>";
		};
		27C6198C2C3AAA540067498F /* API */ = {
			isa = PBXGroup;
			children = (
				27C6198D2C3AAA7B0067498F /* APIReponse.swift */,
				27C6198F2C3AAC1F0067498F /* APIResponseStructs.swift */,
			);
			path = API;
			sourceTree = "<group>";
		};
		27E6D6D82C3EBAB3009FC809 /* Storage */ = {
			isa = PBXGroup;
			children = (
				27E6D6D92C3EBAE6009FC809 /* UserStorage.swift */,
				27E6D6DB2C3EBB2B009FC809 /* UserDefaultsStorage.swift */,
				2734DCAD2C46AA49008030F3 /* UserDataStorage.swift */,
			);
			path = Storage;
			sourceTree = "<group>";
		};
/* End PBXGroup section */

/* Begin PBXNativeTarget section */
		27274F792C3320F2003453E2 /* lifeisskillapp */ = {
			isa = PBXNativeTarget;
			buildConfigurationList = 27274FA42C3320F3003453E2 /* Build configuration list for PBXNativeTarget "lifeisskillapp" */;
			buildPhases = (
				27274F762C3320F2003453E2 /* Sources */,
				27274F772C3320F2003453E2 /* Frameworks */,
				27274F782C3320F2003453E2 /* Resources */,
			);
			buildRules = (
			);
			dependencies = (
			);
			name = lifeisskillapp;
			packageProductDependencies = (
				275457082C33254300F3B55A /* ACKategories */,
			);
			productName = lifeisskillapp;
			productReference = 27274F7A2C3320F2003453E2 /* lifeisskillapp.app */;
			productType = "com.apple.product-type.application";
		};
		27274F8F2C3320F3003453E2 /* lifeisskillappTests */ = {
			isa = PBXNativeTarget;
			buildConfigurationList = 27274FA72C3320F3003453E2 /* Build configuration list for PBXNativeTarget "lifeisskillappTests" */;
			buildPhases = (
				27274F8C2C3320F3003453E2 /* Sources */,
				27274F8D2C3320F3003453E2 /* Frameworks */,
				27274F8E2C3320F3003453E2 /* Resources */,
			);
			buildRules = (
			);
			dependencies = (
				27274F922C3320F3003453E2 /* PBXTargetDependency */,
			);
			name = lifeisskillappTests;
			productName = lifeisskillappTests;
			productReference = 27274F902C3320F3003453E2 /* lifeisskillappTests.xctest */;
			productType = "com.apple.product-type.bundle.unit-test";
		};
		27274F992C3320F3003453E2 /* lifeisskillappUITests */ = {
			isa = PBXNativeTarget;
			buildConfigurationList = 27274FAA2C3320F3003453E2 /* Build configuration list for PBXNativeTarget "lifeisskillappUITests" */;
			buildPhases = (
				27274F962C3320F3003453E2 /* Sources */,
				27274F972C3320F3003453E2 /* Frameworks */,
				27274F982C3320F3003453E2 /* Resources */,
			);
			buildRules = (
			);
			dependencies = (
				27274F9C2C3320F3003453E2 /* PBXTargetDependency */,
			);
			name = lifeisskillappUITests;
			productName = lifeisskillappUITests;
			productReference = 27274F9A2C3320F3003453E2 /* lifeisskillappUITests.xctest */;
			productType = "com.apple.product-type.bundle.ui-testing";
		};
/* End PBXNativeTarget section */

/* Begin PBXProject section */
		27274F722C3320F2003453E2 /* Project object */ = {
			isa = PBXProject;
			attributes = {
				BuildIndependentTargetsInParallel = 1;
				LastSwiftUpdateCheck = 1540;
				LastUpgradeCheck = 1540;
				TargetAttributes = {
					27274F792C3320F2003453E2 = {
						CreatedOnToolsVersion = 15.4;
					};
					27274F8F2C3320F3003453E2 = {
						CreatedOnToolsVersion = 15.4;
						TestTargetID = 27274F792C3320F2003453E2;
					};
					27274F992C3320F3003453E2 = {
						CreatedOnToolsVersion = 15.4;
						TestTargetID = 27274F792C3320F2003453E2;
					};
				};
			};
			buildConfigurationList = 27274F752C3320F2003453E2 /* Build configuration list for PBXProject "lifeisskillapp" */;
			compatibilityVersion = "Xcode 14.0";
			developmentRegion = en;
			hasScannedForEncodings = 0;
			knownRegions = (
				en,
				Base,
				cs,
				de,
			);
			mainGroup = 27274F712C3320F2003453E2;
			packageReferences = (
				275457072C33254300F3B55A /* XCRemoteSwiftPackageReference "ACKategories" */,
			);
			productRefGroup = 27274F7B2C3320F2003453E2 /* Products */;
			projectDirPath = "";
			projectRoot = "";
			targets = (
				27274F792C3320F2003453E2 /* lifeisskillapp */,
				27274F8F2C3320F3003453E2 /* lifeisskillappTests */,
				27274F992C3320F3003453E2 /* lifeisskillappUITests */,
			);
		};
/* End PBXProject section */

/* Begin PBXResourcesBuildPhase section */
		27274F782C3320F2003453E2 /* Resources */ = {
			isa = PBXResourcesBuildPhase;
			buildActionMask = 2147483647;
			files = (
				2717AF152C42ADB800A23F06 /* Montserrat-Light.otf in Resources */,
				2717AF172C42ADB800A23F06 /* Montserrat-Thin.ttf in Resources */,
				2717AF112C42ADB800A23F06 /* Montserrat-ExtraBold.otf in Resources */,
				27274F872C3320F3003453E2 /* Assets.xcassets in Resources */,
				2717AF162C42ADB800A23F06 /* Montserrat-Black.otf in Resources */,
				2717AF132C42ADB800A23F06 /* Montserrat-SemiBold.otf in Resources */,
				2717AF142C42ADB800A23F06 /* Montserrat-UltraLight.otf in Resources */,
				2717AEFE2C42ACCD00A23F06 /* Images.xcassets in Resources */,
				2717AF0F2C42ADB800A23F06 /* Montserrat-Regular.otf in Resources */,
				27274F8A2C3320F3003453E2 /* Base in Resources */,
				2755D73F2C483D7300491874 /* Localizable.xcstrings in Resources */,
				2717AF122C42ADB800A23F06 /* Montserrat-Hairline.otf in Resources */,
				2717AF102C42ADB800A23F06 /* Montserrat-Bold.otf in Resources */,
			);
			runOnlyForDeploymentPostprocessing = 0;
		};
		27274F8E2C3320F3003453E2 /* Resources */ = {
			isa = PBXResourcesBuildPhase;
			buildActionMask = 2147483647;
			files = (
			);
			runOnlyForDeploymentPostprocessing = 0;
		};
		27274F982C3320F3003453E2 /* Resources */ = {
			isa = PBXResourcesBuildPhase;
			buildActionMask = 2147483647;
			files = (
			);
			runOnlyForDeploymentPostprocessing = 0;
		};
/* End PBXResourcesBuildPhase section */

/* Begin PBXSourcesBuildPhase section */
		27274F762C3320F2003453E2 /* Sources */ = {
			isa = PBXSourcesBuildPhase;
			buildActionMask = 2147483647;
			files = (
				27C6197D2C398BEE0067498F /* LogSource.swift in Sources */,
				27F27A4C2C4D568200928388 /* AssetFontFamily.swift in Sources */,
				27066A912C4567260092B499 /* CodeSource.swift in Sources */,
				27C6195E2C36F2970067498F /* LoggingService.swift in Sources */,
				27C619752C3835ED0067498F /* Aliases.swift in Sources */,
				275457212C33325900F3B55A /* String.swift in Sources */,
				275457142C332DAB00F3B55A /* LoginView.swift in Sources */,
				27066A952C4570180092B499 /* GenericPoint.swift in Sources */,
				27B25C4F2C3AFE4F00864028 /* APIService.swift in Sources */,
				2754570D2C3328B300F3B55A /* AppFlowCoordinator.swift in Sources */,
				27B25C4D2C3AF50100864028 /* LoginAPIService.swift in Sources */,
				27C6194E2C36E6000067498F /* HttpStatusCode.swift in Sources */,
				27C6197F2C398C570067498F /* LogSeverity.swift in Sources */,
				27C619812C398C9A0067498F /* LogContext.swift in Sources */,
				27274F7E2C3320F2003453E2 /* AppDelegate.swift in Sources */,
				2734DCAE2C46AA49008030F3 /* UserDataStorage.swift in Sources */,
				27066A8C2C455FFB0092B499 /* UserGender.swift in Sources */,
				275457282C3332E000F3B55A /* HomeViewController.swift in Sources */,
				27E6D6DC2C3EBB2B009FC809 /* UserDefaultsStorage.swift in Sources */,
				2754571F2C33324900F3B55A /* UIViewController.swift in Sources */,
				27C619972C3AB5D50067498F /* Theme.swift in Sources */,
				27C6198E2C3AAA7B0067498F /* APIReponse.swift in Sources */,
				2754570F2C33299300F3B55A /* UserManager.swift in Sources */,
				275457182C332DBE00F3B55A /* LoginViewController.swift in Sources */,
				27C619782C3989EF0067498F /* Loggable.swift in Sources */,
				27066A972C4573110092B499 /* DateTime.swift in Sources */,
				27C6198B2C3AA6EE0067498F /* RegisterAppService.swift in Sources */,
				27C6196C2C3820090067498F /* URLSessionWrapper.swift in Sources */,
				27C619672C37069E0067498F /* APIResponseError.swift in Sources */,
				27C619722C3822920067498F /* HTTPURLResponse.swift in Sources */,
				27C619952C3AB0890067498F /* UserDefaults.swift in Sources */,
				27066A8A2C45580D0092B499 /* UserCategory.swift in Sources */,
				27F27A4B2C4D568200928388 /* View.swift in Sources */,
				27E6D6DA2C3EBAE6009FC809 /* UserStorage.swift in Sources */,
				27C619522C36E6AA0067498F /* JsonMapper.swift in Sources */,
				2734DCAB2C46A62F008030F3 /* UserDataAPIService.swift in Sources */,
				27C619702C3822720067498F /* URLRequest.swift in Sources */,
				27C619602C3704F60067498F /* BaseError.swift in Sources */,
				27F27A4D2C4D568200928388 /* ButtonStyleModifier.swift in Sources */,
				275457262C3332CE00F3B55A /* HomeViewModel.swift in Sources */,
				275457112C332CFD00F3B55A /* AppDependencies.swift in Sources */,
				27C619692C381F340067498F /* RequestResponse.swift in Sources */,
				27066AA02C458E0E0092B499 /* CLLocation.swift in Sources */,
				2734DCB02C46C6E4008030F3 /* UserPointManager.swift in Sources */,
				275457232C3332BF00F3B55A /* HomeView.swift in Sources */,
				27C6195C2C36F12E0067498F /* OSLoggerService.swift in Sources */,
				27066A992C45755C0092B499 /* CheckSumData.swift in Sources */,
				27E32DEA2C49504100E69C58 /* GenericPointManager.swift in Sources */,
				2754AA5E2C41351C0011A618 /* HomeViewFlowCoordinator.swift in Sources */,
				27C619552C36EAEF0067498F /* ModuleError.swift in Sources */,
				2717AEB72C429C2A00A23F06 /* LocationManager.swift in Sources */,
				2754570B2C33259200F3B55A /* Network.swift in Sources */,
				275457162C332DB400F3B55A /* LoginViewModel.swift in Sources */,
				27C619932C3AAD260067498F /* User.swift in Sources */,
				2754AA622C4137E10011A618 /* LoginFlowCoordinator.swift in Sources */,
				27066A8F2C45623F0092B499 /* PointType.swift in Sources */,
				27066A9E2C457F1F0092B499 /* CheckSumAPIService.swift in Sources */,
				27E32DE82C493BF900E69C58 /* UserDataManager.swift in Sources */,
				2734DCA62C469442008030F3 /* UserPoint.swift in Sources */,
				2734DCA92C46A3E6008030F3 /* UserCategoryManager.swift in Sources */,
				27C619892C3AA3A00067498F /* API.swift in Sources */,
				27C619632C3705FA0067498F /* ErrorCodes.swift in Sources */,
				27C619902C3AAC1F0067498F /* APIResponseStructs.swift in Sources */,
			);
			runOnlyForDeploymentPostprocessing = 0;
		};
		27274F8C2C3320F3003453E2 /* Sources */ = {
			isa = PBXSourcesBuildPhase;
			buildActionMask = 2147483647;
			files = (
				27274F952C3320F3003453E2 /* lifeisskillappTests.swift in Sources */,
			);
			runOnlyForDeploymentPostprocessing = 0;
		};
		27274F962C3320F3003453E2 /* Sources */ = {
			isa = PBXSourcesBuildPhase;
			buildActionMask = 2147483647;
			files = (
				27274FA12C3320F3003453E2 /* lifeisskillappUITestsLaunchTests.swift in Sources */,
				27274F9F2C3320F3003453E2 /* lifeisskillappUITests.swift in Sources */,
			);
			runOnlyForDeploymentPostprocessing = 0;
		};
/* End PBXSourcesBuildPhase section */

/* Begin PBXTargetDependency section */
		27274F922C3320F3003453E2 /* PBXTargetDependency */ = {
			isa = PBXTargetDependency;
			target = 27274F792C3320F2003453E2 /* lifeisskillapp */;
			targetProxy = 27274F912C3320F3003453E2 /* PBXContainerItemProxy */;
		};
		27274F9C2C3320F3003453E2 /* PBXTargetDependency */ = {
			isa = PBXTargetDependency;
			target = 27274F792C3320F2003453E2 /* lifeisskillapp */;
			targetProxy = 27274F9B2C3320F3003453E2 /* PBXContainerItemProxy */;
		};
/* End PBXTargetDependency section */

/* Begin PBXVariantGroup section */
		27274F882C3320F3003453E2 /* LaunchScreen.storyboard */ = {
			isa = PBXVariantGroup;
			children = (
				27274F892C3320F3003453E2 /* Base */,
			);
			name = LaunchScreen.storyboard;
			sourceTree = "<group>";
		};
/* End PBXVariantGroup section */

/* Begin XCBuildConfiguration section */
		27274FA22C3320F3003453E2 /* Debug */ = {
			isa = XCBuildConfiguration;
			buildSettings = {
				ALWAYS_SEARCH_USER_PATHS = NO;
				ASSETCATALOG_COMPILER_GENERATE_SWIFT_ASSET_SYMBOL_EXTENSIONS = YES;
				CLANG_ANALYZER_LOCALIZABILITY_NONLOCALIZED = YES;
				CLANG_ANALYZER_NONNULL = YES;
				CLANG_ANALYZER_NUMBER_OBJECT_CONVERSION = YES_AGGRESSIVE;
				CLANG_CXX_LANGUAGE_STANDARD = "gnu++20";
				CLANG_ENABLE_MODULES = YES;
				CLANG_ENABLE_OBJC_ARC = YES;
				CLANG_ENABLE_OBJC_WEAK = YES;
				CLANG_WARN_BLOCK_CAPTURE_AUTORELEASING = YES;
				CLANG_WARN_BOOL_CONVERSION = YES;
				CLANG_WARN_COMMA = YES;
				CLANG_WARN_CONSTANT_CONVERSION = YES;
				CLANG_WARN_DEPRECATED_OBJC_IMPLEMENTATIONS = YES;
				CLANG_WARN_DIRECT_OBJC_ISA_USAGE = YES_ERROR;
				CLANG_WARN_DOCUMENTATION_COMMENTS = YES;
				CLANG_WARN_EMPTY_BODY = YES;
				CLANG_WARN_ENUM_CONVERSION = YES;
				CLANG_WARN_INFINITE_RECURSION = YES;
				CLANG_WARN_INT_CONVERSION = YES;
				CLANG_WARN_NON_LITERAL_NULL_CONVERSION = YES;
				CLANG_WARN_OBJC_IMPLICIT_RETAIN_SELF = YES;
				CLANG_WARN_OBJC_LITERAL_CONVERSION = YES;
				CLANG_WARN_OBJC_ROOT_CLASS = YES_ERROR;
				CLANG_WARN_QUOTED_INCLUDE_IN_FRAMEWORK_HEADER = YES;
				CLANG_WARN_RANGE_LOOP_ANALYSIS = YES;
				CLANG_WARN_STRICT_PROTOTYPES = YES;
				CLANG_WARN_SUSPICIOUS_MOVE = YES;
				CLANG_WARN_UNGUARDED_AVAILABILITY = YES_AGGRESSIVE;
				CLANG_WARN_UNREACHABLE_CODE = YES;
				CLANG_WARN__DUPLICATE_METHOD_MATCH = YES;
				COPY_PHASE_STRIP = NO;
				DEBUG_INFORMATION_FORMAT = dwarf;
				ENABLE_STRICT_OBJC_MSGSEND = YES;
				ENABLE_TESTABILITY = YES;
				ENABLE_USER_SCRIPT_SANDBOXING = YES;
				GCC_C_LANGUAGE_STANDARD = gnu17;
				GCC_DYNAMIC_NO_PIC = NO;
				GCC_NO_COMMON_BLOCKS = YES;
				GCC_OPTIMIZATION_LEVEL = 0;
				GCC_PREPROCESSOR_DEFINITIONS = (
					"DEBUG=1",
					"$(inherited)",
				);
				GCC_WARN_64_TO_32_BIT_CONVERSION = YES;
				GCC_WARN_ABOUT_RETURN_TYPE = YES_ERROR;
				GCC_WARN_UNDECLARED_SELECTOR = YES;
				GCC_WARN_UNINITIALIZED_AUTOS = YES_AGGRESSIVE;
				GCC_WARN_UNUSED_FUNCTION = YES;
				GCC_WARN_UNUSED_VARIABLE = YES;
				IPHONEOS_DEPLOYMENT_TARGET = 16.0;
				LOCALIZATION_PREFERS_STRING_CATALOGS = YES;
				MTL_ENABLE_DEBUG_INFO = INCLUDE_SOURCE;
				MTL_FAST_MATH = YES;
				ONLY_ACTIVE_ARCH = YES;
				SDKROOT = iphoneos;
				SWIFT_ACTIVE_COMPILATION_CONDITIONS = "DEBUG $(inherited)";
				SWIFT_OPTIMIZATION_LEVEL = "-Onone";
			};
			name = Debug;
		};
		27274FA32C3320F3003453E2 /* Release */ = {
			isa = XCBuildConfiguration;
			buildSettings = {
				ALWAYS_SEARCH_USER_PATHS = NO;
				ASSETCATALOG_COMPILER_GENERATE_SWIFT_ASSET_SYMBOL_EXTENSIONS = YES;
				CLANG_ANALYZER_LOCALIZABILITY_NONLOCALIZED = YES;
				CLANG_ANALYZER_NONNULL = YES;
				CLANG_ANALYZER_NUMBER_OBJECT_CONVERSION = YES_AGGRESSIVE;
				CLANG_CXX_LANGUAGE_STANDARD = "gnu++20";
				CLANG_ENABLE_MODULES = YES;
				CLANG_ENABLE_OBJC_ARC = YES;
				CLANG_ENABLE_OBJC_WEAK = YES;
				CLANG_WARN_BLOCK_CAPTURE_AUTORELEASING = YES;
				CLANG_WARN_BOOL_CONVERSION = YES;
				CLANG_WARN_COMMA = YES;
				CLANG_WARN_CONSTANT_CONVERSION = YES;
				CLANG_WARN_DEPRECATED_OBJC_IMPLEMENTATIONS = YES;
				CLANG_WARN_DIRECT_OBJC_ISA_USAGE = YES_ERROR;
				CLANG_WARN_DOCUMENTATION_COMMENTS = YES;
				CLANG_WARN_EMPTY_BODY = YES;
				CLANG_WARN_ENUM_CONVERSION = YES;
				CLANG_WARN_INFINITE_RECURSION = YES;
				CLANG_WARN_INT_CONVERSION = YES;
				CLANG_WARN_NON_LITERAL_NULL_CONVERSION = YES;
				CLANG_WARN_OBJC_IMPLICIT_RETAIN_SELF = YES;
				CLANG_WARN_OBJC_LITERAL_CONVERSION = YES;
				CLANG_WARN_OBJC_ROOT_CLASS = YES_ERROR;
				CLANG_WARN_QUOTED_INCLUDE_IN_FRAMEWORK_HEADER = YES;
				CLANG_WARN_RANGE_LOOP_ANALYSIS = YES;
				CLANG_WARN_STRICT_PROTOTYPES = YES;
				CLANG_WARN_SUSPICIOUS_MOVE = YES;
				CLANG_WARN_UNGUARDED_AVAILABILITY = YES_AGGRESSIVE;
				CLANG_WARN_UNREACHABLE_CODE = YES;
				CLANG_WARN__DUPLICATE_METHOD_MATCH = YES;
				COPY_PHASE_STRIP = NO;
				DEBUG_INFORMATION_FORMAT = "dwarf-with-dsym";
				ENABLE_NS_ASSERTIONS = NO;
				ENABLE_STRICT_OBJC_MSGSEND = YES;
				ENABLE_USER_SCRIPT_SANDBOXING = YES;
				GCC_C_LANGUAGE_STANDARD = gnu17;
				GCC_NO_COMMON_BLOCKS = YES;
				GCC_WARN_64_TO_32_BIT_CONVERSION = YES;
				GCC_WARN_ABOUT_RETURN_TYPE = YES_ERROR;
				GCC_WARN_UNDECLARED_SELECTOR = YES;
				GCC_WARN_UNINITIALIZED_AUTOS = YES_AGGRESSIVE;
				GCC_WARN_UNUSED_FUNCTION = YES;
				GCC_WARN_UNUSED_VARIABLE = YES;
				IPHONEOS_DEPLOYMENT_TARGET = 16.0;
				LOCALIZATION_PREFERS_STRING_CATALOGS = YES;
				MTL_ENABLE_DEBUG_INFO = NO;
				MTL_FAST_MATH = YES;
				SDKROOT = iphoneos;
				SWIFT_COMPILATION_MODE = wholemodule;
				VALIDATE_PRODUCT = YES;
			};
			name = Release;
		};
		27274FA52C3320F3003453E2 /* Debug */ = {
			isa = XCBuildConfiguration;
			buildSettings = {
				ASSETCATALOG_COMPILER_APPICON_NAME = AppIcon;
				ASSETCATALOG_COMPILER_GLOBAL_ACCENT_COLOR_NAME = AccentColor;
				CODE_SIGN_STYLE = Automatic;
				CURRENT_PROJECT_VERSION = 1;
				DEVELOPMENT_TEAM = 84HX6FUFDK;
				GENERATE_INFOPLIST_FILE = YES;
				INFOPLIST_FILE = lifeisskillapp/Info.plist;
				INFOPLIST_KEY_UIApplicationSupportsIndirectInputEvents = YES;
				INFOPLIST_KEY_UILaunchStoryboardName = LaunchScreen;
				INFOPLIST_KEY_UIMainStoryboardFile = "";
				INFOPLIST_KEY_UISupportedInterfaceOrientations = "UIInterfaceOrientationLandscapeLeft UIInterfaceOrientationLandscapeRight UIInterfaceOrientationPortrait";
				INFOPLIST_KEY_UISupportedInterfaceOrientations_iPad = "UIInterfaceOrientationLandscapeLeft UIInterfaceOrientationLandscapeRight UIInterfaceOrientationPortrait UIInterfaceOrientationPortraitUpsideDown";
				IPHONEOS_DEPLOYMENT_TARGET = 16.0;
				LD_RUNPATH_SEARCH_PATHS = (
					"$(inherited)",
					"@executable_path/Frameworks",
				);
				MARKETING_VERSION = 1.0;
				PRODUCT_BUNDLE_IDENTIFIER = cz.fit.cvut.lifeisskillapp;
				PRODUCT_NAME = "$(TARGET_NAME)";
				SWIFT_EMIT_LOC_STRINGS = YES;
				SWIFT_VERSION = 5.0;
				TARGETED_DEVICE_FAMILY = "1,2";
			};
			name = Debug;
		};
		27274FA62C3320F3003453E2 /* Release */ = {
			isa = XCBuildConfiguration;
			buildSettings = {
				ASSETCATALOG_COMPILER_APPICON_NAME = AppIcon;
				ASSETCATALOG_COMPILER_GLOBAL_ACCENT_COLOR_NAME = AccentColor;
				CODE_SIGN_STYLE = Automatic;
				CURRENT_PROJECT_VERSION = 1;
				DEVELOPMENT_TEAM = 84HX6FUFDK;
				GENERATE_INFOPLIST_FILE = YES;
				INFOPLIST_FILE = lifeisskillapp/Info.plist;
				INFOPLIST_KEY_UIApplicationSupportsIndirectInputEvents = YES;
				INFOPLIST_KEY_UILaunchStoryboardName = LaunchScreen;
				INFOPLIST_KEY_UIMainStoryboardFile = "";
				INFOPLIST_KEY_UISupportedInterfaceOrientations = "UIInterfaceOrientationLandscapeLeft UIInterfaceOrientationLandscapeRight UIInterfaceOrientationPortrait";
				INFOPLIST_KEY_UISupportedInterfaceOrientations_iPad = "UIInterfaceOrientationLandscapeLeft UIInterfaceOrientationLandscapeRight UIInterfaceOrientationPortrait UIInterfaceOrientationPortraitUpsideDown";
				IPHONEOS_DEPLOYMENT_TARGET = 16.0;
				LD_RUNPATH_SEARCH_PATHS = (
					"$(inherited)",
					"@executable_path/Frameworks",
				);
				MARKETING_VERSION = 1.0;
				PRODUCT_BUNDLE_IDENTIFIER = cz.fit.cvut.lifeisskillapp;
				PRODUCT_NAME = "$(TARGET_NAME)";
				SWIFT_EMIT_LOC_STRINGS = YES;
				SWIFT_VERSION = 5.0;
				TARGETED_DEVICE_FAMILY = "1,2";
			};
			name = Release;
		};
		27274FA82C3320F3003453E2 /* Debug */ = {
			isa = XCBuildConfiguration;
			buildSettings = {
				ALWAYS_EMBED_SWIFT_STANDARD_LIBRARIES = YES;
				BUNDLE_LOADER = "$(TEST_HOST)";
				CODE_SIGN_STYLE = Automatic;
				CURRENT_PROJECT_VERSION = 1;
				DEVELOPMENT_TEAM = 84HX6FUFDK;
				GENERATE_INFOPLIST_FILE = YES;
				IPHONEOS_DEPLOYMENT_TARGET = 17.5;
				MARKETING_VERSION = 1.0;
				PRODUCT_BUNDLE_IDENTIFIER = cz.fit.cvut.lifeisskillappTests;
				PRODUCT_NAME = "$(TARGET_NAME)";
				SWIFT_EMIT_LOC_STRINGS = NO;
				SWIFT_VERSION = 5.0;
				TARGETED_DEVICE_FAMILY = "1,2";
				TEST_HOST = "$(BUILT_PRODUCTS_DIR)/lifeisskillapp.app/$(BUNDLE_EXECUTABLE_FOLDER_PATH)/lifeisskillapp";
			};
			name = Debug;
		};
		27274FA92C3320F3003453E2 /* Release */ = {
			isa = XCBuildConfiguration;
			buildSettings = {
				ALWAYS_EMBED_SWIFT_STANDARD_LIBRARIES = YES;
				BUNDLE_LOADER = "$(TEST_HOST)";
				CODE_SIGN_STYLE = Automatic;
				CURRENT_PROJECT_VERSION = 1;
				DEVELOPMENT_TEAM = 84HX6FUFDK;
				GENERATE_INFOPLIST_FILE = YES;
				IPHONEOS_DEPLOYMENT_TARGET = 17.5;
				MARKETING_VERSION = 1.0;
				PRODUCT_BUNDLE_IDENTIFIER = cz.fit.cvut.lifeisskillappTests;
				PRODUCT_NAME = "$(TARGET_NAME)";
				SWIFT_EMIT_LOC_STRINGS = NO;
				SWIFT_VERSION = 5.0;
				TARGETED_DEVICE_FAMILY = "1,2";
				TEST_HOST = "$(BUILT_PRODUCTS_DIR)/lifeisskillapp.app/$(BUNDLE_EXECUTABLE_FOLDER_PATH)/lifeisskillapp";
			};
			name = Release;
		};
		27274FAB2C3320F3003453E2 /* Debug */ = {
			isa = XCBuildConfiguration;
			buildSettings = {
				ALWAYS_EMBED_SWIFT_STANDARD_LIBRARIES = YES;
				CODE_SIGN_STYLE = Automatic;
				CURRENT_PROJECT_VERSION = 1;
				DEVELOPMENT_TEAM = 84HX6FUFDK;
				GENERATE_INFOPLIST_FILE = YES;
				MARKETING_VERSION = 1.0;
				PRODUCT_BUNDLE_IDENTIFIER = cz.fit.cvut.lifeisskillappUITests;
				PRODUCT_NAME = "$(TARGET_NAME)";
				SWIFT_EMIT_LOC_STRINGS = NO;
				SWIFT_VERSION = 5.0;
				TARGETED_DEVICE_FAMILY = "1,2";
				TEST_TARGET_NAME = lifeisskillapp;
			};
			name = Debug;
		};
		27274FAC2C3320F3003453E2 /* Release */ = {
			isa = XCBuildConfiguration;
			buildSettings = {
				ALWAYS_EMBED_SWIFT_STANDARD_LIBRARIES = YES;
				CODE_SIGN_STYLE = Automatic;
				CURRENT_PROJECT_VERSION = 1;
				DEVELOPMENT_TEAM = 84HX6FUFDK;
				GENERATE_INFOPLIST_FILE = YES;
				MARKETING_VERSION = 1.0;
				PRODUCT_BUNDLE_IDENTIFIER = cz.fit.cvut.lifeisskillappUITests;
				PRODUCT_NAME = "$(TARGET_NAME)";
				SWIFT_EMIT_LOC_STRINGS = NO;
				SWIFT_VERSION = 5.0;
				TARGETED_DEVICE_FAMILY = "1,2";
				TEST_TARGET_NAME = lifeisskillapp;
			};
			name = Release;
		};
/* End XCBuildConfiguration section */

/* Begin XCConfigurationList section */
		27274F752C3320F2003453E2 /* Build configuration list for PBXProject "lifeisskillapp" */ = {
			isa = XCConfigurationList;
			buildConfigurations = (
				27274FA22C3320F3003453E2 /* Debug */,
				27274FA32C3320F3003453E2 /* Release */,
			);
			defaultConfigurationIsVisible = 0;
			defaultConfigurationName = Release;
		};
		27274FA42C3320F3003453E2 /* Build configuration list for PBXNativeTarget "lifeisskillapp" */ = {
			isa = XCConfigurationList;
			buildConfigurations = (
				27274FA52C3320F3003453E2 /* Debug */,
				27274FA62C3320F3003453E2 /* Release */,
			);
			defaultConfigurationIsVisible = 0;
			defaultConfigurationName = Release;
		};
		27274FA72C3320F3003453E2 /* Build configuration list for PBXNativeTarget "lifeisskillappTests" */ = {
			isa = XCConfigurationList;
			buildConfigurations = (
				27274FA82C3320F3003453E2 /* Debug */,
				27274FA92C3320F3003453E2 /* Release */,
			);
			defaultConfigurationIsVisible = 0;
			defaultConfigurationName = Release;
		};
		27274FAA2C3320F3003453E2 /* Build configuration list for PBXNativeTarget "lifeisskillappUITests" */ = {
			isa = XCConfigurationList;
			buildConfigurations = (
				27274FAB2C3320F3003453E2 /* Debug */,
				27274FAC2C3320F3003453E2 /* Release */,
			);
			defaultConfigurationIsVisible = 0;
			defaultConfigurationName = Release;
		};
/* End XCConfigurationList section */

/* Begin XCRemoteSwiftPackageReference section */
		275457072C33254300F3B55A /* XCRemoteSwiftPackageReference "ACKategories" */ = {
			isa = XCRemoteSwiftPackageReference;
			repositoryURL = "https://github.com/AckeeCZ/ACKategories.git";
			requirement = {
				kind = upToNextMajorVersion;
				minimumVersion = 6.15.0;
			};
		};
/* End XCRemoteSwiftPackageReference section */

/* Begin XCSwiftPackageProductDependency section */
		275457082C33254300F3B55A /* ACKategories */ = {
			isa = XCSwiftPackageProductDependency;
			package = 275457072C33254300F3B55A /* XCRemoteSwiftPackageReference "ACKategories" */;
			productName = ACKategories;
		};
/* End XCSwiftPackageProductDependency section */
	};
	rootObject = 27274F722C3320F2003453E2 /* Project object */;
}
