{
  "originHash" : "b47c13d51b33b831c058cd7d82684a7e57b1e015c111d8cea27a6655bb540abc",
  "pins" : [
    {
      "identity" : "ackategories",
      "kind" : "remoteSourceControl",
      "location" : "https://github.com/AckeeCZ/ACKategories.git",
      "state" : {
        "revision" : "336fe80c2d18554308e48b8e7e64e91cd9827dcb",
        "version" : "6.15.0"
      }
    },
    {
      "identity" : "realm-core",
      "kind" : "remoteSourceControl",
      "location" : "https://github.com/realm/realm-core.git",
      "state" : {
        "revision" : "e474a8d2270a8b12ac63ac9504e4757e39814b99",
        "version" : "14.13.0"
      }
    },
    {
      "identity" : "swift-algorithms",
      "kind" : "remoteSourceControl",
      "location" : "https://github.com/apple/swift-algorithms.git",
      "state" : {
        "revision" : "f6919dfc309e7f1b56224378b11e28bab5bccc42",
        "version" : "1.2.0"
      }
    },
    {
      "identity" : "swift-numerics",
      "kind" : "remoteSourceControl",
      "location" : "https://github.com/apple/swift-numerics.git",
      "state" : {
        "revision" : "0a5bc04095a675662cf24757cc0640aa2204253b",
        "version" : "1.0.2"
      }
    }
  ],
  "version" : 3
}
